{
    "name": "salute",
    "version": "1.0.0",
    "lockfileVersion": 2,
    "requires": true,
    "packages": {
        "": {
            "name": "salute",
            "version": "1.0.0",
            "license": "ISC",
            "dependencies": {
                "hello": "file:../hello"
            }
        },
        "../hello": {
            "version": "1.0.0",
            "license": "ISC"
        },
        "node_modules/hello": {
            "resolved": "../hello",
            "link": true
        }
    },
    "dependencies": {
        "hello": {
            "version": "file:../hello"
        }
    }
}
