{
    "name": "salute-cli",
    "version": "1.0.0",
    "lockfileVersion": 2,
    "requires": true,
    "packages": {
        "": {
            "name": "salute-cli",
            "version": "1.0.0",
            "license": "ISC",
            "dependencies": {
                "salute": "file:../salute"
            },
            "bin": {
                "salute-from-to": "index.js"
            }
        },
        "../salute": {
            "version": "1.0.0",
            "license": "ISC",
            "dependencies": {
                "hello": "file:../hello"
            }
        },
        "node_modules/salute": {
            "resolved": "../salute",
            "link": true
        }
    },
    "dependencies": {
        "salute": {
            "version": "file:../salute",
            "requires": {
                "hello": "file:../hello"
            }
        }
    }
}
